
Microsoft Visual Studio Solution File, Format Version 12.00
# Visual Studio 15
VisualStudioVersion = 15.0.28307.489
MinimumVisualStudioVersion = 10.0.40219.1
Project("{2150E333-8FDC-42A3-9474-1A3956D46DE8}") = "Framework", "Framework", "{8EC02289-8983-4A0A-BACB-0CBEE9F76F35}"
EndProject
Project("{9A19103F-16F7-4668-BE54-9A1E7A4F7556}") = "BlogSolution.Framework", "BlogSolution.Framework\BlogSolution.Framework.csproj", "{E26BE911-131A-4987-B7F4-DD094D174423}"
EndProject
Project("{2150E333-8FDC-42A3-9474-1A3956D46DE8}") = "Identity", "Identity", "{8095DD1F-0E52-4D12-BAF4-4FFCDA886D89}"
EndProject
Project("{9A19103F-16F7-4668-BE54-9A1E7A4F7556}") = "Identity.Persistance", "Identity\Identity.Persistance\Identity.Persistance.csproj", "{CDCDB04F-2B69-47F7-8446-AFF44A63707C}"
EndProject
Project("{9A19103F-16F7-4668-BE54-9A1E7A4F7556}") = "Identity.Domain", "Identity\Identity.Domain\Identity.Domain.csproj", "{13F9ACF6-9F0B-464E-B4AF-826105F2BC90}"
EndProject
Project("{9A19103F-16F7-4668-BE54-9A1E7A4F7556}") = "Identity.Application", "Identity\Identity.Application\Identity.Application.csproj", "{197AD3D8-C725-4048-AA1B-96418225148B}"
EndProject
Project("{9A19103F-16F7-4668-BE54-9A1E7A4F7556}") = "Identity.Api", "Identity\Identity.Api\Identity.Api.csproj", "{751ABE26-AF27-4B5F-B9F0-24B367C089A1}"
EndProject
Project("{2150E333-8FDC-42A3-9474-1A3956D46DE8}") = "Blog", "Blog", "{AC98FDE2-48CE-4941-BAFE-05A67B1FF316}"
EndProject
Project("{9A19103F-16F7-4668-BE54-9A1E7A4F7556}") = "Blog.Api", "Blog\Blog.Api\Blog.Api.csproj", "{DE01799B-C696-4223-A1DF-D51D23381078}"
EndProject
Project("{9A19103F-16F7-4668-BE54-9A1E7A4F7556}") = "Blog.Application", "Blog\Blog.Application\Blog.Application.csproj", "{3FED6AFE-D49A-4F24-BDD0-43B499D1FA51}"
EndProject
Project("{9A19103F-16F7-4668-BE54-9A1E7A4F7556}") = "Blog.Domain", "Blog\Blog.Domain\Blog.Domain.csproj", "{C2448BCD-89BD-41AD-A378-03F40BF86EF9}"
EndProject
Project("{9A19103F-16F7-4668-BE54-9A1E7A4F7556}") = "Blog.Persistance", "Blog\Blog.Persistance\Blog.Persistance.csproj", "{0D4B869B-0F1D-4EDD-A7A1-A8C7E6C6441E}"
EndProject
Project("{E53339B2-1760-4266-BCC7-CA923CBCF16C}") = "docker-compose", "docker-compose.dcproj", "{FD16C4E7-B548-48F5-9F89-DEDDA4900079}"
EndProject
Project("{2150E333-8FDC-42A3-9474-1A3956D46DE8}") = "Gateway", "Gateway", "{EF2379C3-CCF5-466E-8447-2236F6C3EBD2}"
EndProject
Project("{9A19103F-16F7-4668-BE54-9A1E7A4F7556}") = "Gateway.Api", "Gateway\Gateway.Api\Gateway.Api.csproj", "{909614BD-5B7F-49ED-B8C2-B36A1D5E6418}"
EndProject
Project("{2150E333-8FDC-42A3-9474-1A3956D46DE8}") = "Stats", "Stats", "{4A16BFD2-4315-43C5-A4EB-C46C429CA184}"
EndProject
Project("{9A19103F-16F7-4668-BE54-9A1E7A4F7556}") = "Stats.Application", "Stats\Stats.Application\Stats.Application.csproj", "{04978F94-A298-4164-87CF-E71D6D20B647}"
EndProject
Project("{9A19103F-16F7-4668-BE54-9A1E7A4F7556}") = "Stats.Domain", "Stats\Stats.Domain\Stats.Domain.csproj", "{3749A7E8-E90E-4C4E-BE46-A880E17D481A}"
EndProject
Project("{FAE04EC0-301F-11D3-BF4B-00C04F79EFBC}") = "Stats.Api", "Stats\Stats.Api\Stats.Api.csproj", "{C1D2ED1C-0B93-4681-85EE-DE2E3CC1B9E2}"
EndProject
Global
	GlobalSection(SolutionConfigurationPlatforms) = preSolution
		Debug|Any CPU = Debug|Any CPU
		Release|Any CPU = Release|Any CPU
	EndGlobalSection
	GlobalSection(ProjectConfigurationPlatforms) = postSolution
		{E26BE911-131A-4987-B7F4-DD094D174423}.Debug|Any CPU.ActiveCfg = Debug|Any CPU
		{E26BE911-131A-4987-B7F4-DD094D174423}.Debug|Any CPU.Build.0 = Debug|Any CPU
		{E26BE911-131A-4987-B7F4-DD094D174423}.Release|Any CPU.ActiveCfg = Release|Any CPU
		{E26BE911-131A-4987-B7F4-DD094D174423}.Release|Any CPU.Build.0 = Release|Any CPU
		{CDCDB04F-2B69-47F7-8446-AFF44A63707C}.Debug|Any CPU.ActiveCfg = Debug|Any CPU
		{CDCDB04F-2B69-47F7-8446-AFF44A63707C}.Debug|Any CPU.Build.0 = Debug|Any CPU
		{CDCDB04F-2B69-47F7-8446-AFF44A63707C}.Release|Any CPU.ActiveCfg = Release|Any CPU
		{CDCDB04F-2B69-47F7-8446-AFF44A63707C}.Release|Any CPU.Build.0 = Release|Any CPU
		{13F9ACF6-9F0B-464E-B4AF-826105F2BC90}.Debug|Any CPU.ActiveCfg = Debug|Any CPU
		{13F9ACF6-9F0B-464E-B4AF-826105F2BC90}.Debug|Any CPU.Build.0 = Debug|Any CPU
		{13F9ACF6-9F0B-464E-B4AF-826105F2BC90}.Release|Any CPU.ActiveCfg = Release|Any CPU
		{13F9ACF6-9F0B-464E-B4AF-826105F2BC90}.Release|Any CPU.Build.0 = Release|Any CPU
		{197AD3D8-C725-4048-AA1B-96418225148B}.Debug|Any CPU.ActiveCfg = Debug|Any CPU
		{197AD3D8-C725-4048-AA1B-96418225148B}.Debug|Any CPU.Build.0 = Debug|Any CPU
		{197AD3D8-C725-4048-AA1B-96418225148B}.Release|Any CPU.ActiveCfg = Release|Any CPU
		{197AD3D8-C725-4048-AA1B-96418225148B}.Release|Any CPU.Build.0 = Release|Any CPU
		{751ABE26-AF27-4B5F-B9F0-24B367C089A1}.Debug|Any CPU.ActiveCfg = Debug|Any CPU
		{751ABE26-AF27-4B5F-B9F0-24B367C089A1}.Debug|Any CPU.Build.0 = Debug|Any CPU
		{751ABE26-AF27-4B5F-B9F0-24B367C089A1}.Release|Any CPU.ActiveCfg = Release|Any CPU
		{751ABE26-AF27-4B5F-B9F0-24B367C089A1}.Release|Any CPU.Build.0 = Release|Any CPU
		{DE01799B-C696-4223-A1DF-D51D23381078}.Debug|Any CPU.ActiveCfg = Debug|Any CPU
		{DE01799B-C696-4223-A1DF-D51D23381078}.Debug|Any CPU.Build.0 = Debug|Any CPU
		{DE01799B-C696-4223-A1DF-D51D23381078}.Release|Any CPU.ActiveCfg = Release|Any CPU
		{DE01799B-C696-4223-A1DF-D51D23381078}.Release|Any CPU.Build.0 = Release|Any CPU
		{3FED6AFE-D49A-4F24-BDD0-43B499D1FA51}.Debug|Any CPU.ActiveCfg = Debug|Any CPU
		{3FED6AFE-D49A-4F24-BDD0-43B499D1FA51}.Debug|Any CPU.Build.0 = Debug|Any CPU
		{3FED6AFE-D49A-4F24-BDD0-43B499D1FA51}.Release|Any CPU.ActiveCfg = Release|Any CPU
		{3FED6AFE-D49A-4F24-BDD0-43B499D1FA51}.Release|Any CPU.Build.0 = Release|Any CPU
		{C2448BCD-89BD-41AD-A378-03F40BF86EF9}.Debug|Any CPU.ActiveCfg = Debug|Any CPU
		{C2448BCD-89BD-41AD-A378-03F40BF86EF9}.Debug|Any CPU.Build.0 = Debug|Any CPU
		{C2448BCD-89BD-41AD-A378-03F40BF86EF9}.Release|Any CPU.ActiveCfg = Release|Any CPU
		{C2448BCD-89BD-41AD-A378-03F40BF86EF9}.Release|Any CPU.Build.0 = Release|Any CPU
		{0D4B869B-0F1D-4EDD-A7A1-A8C7E6C6441E}.Debug|Any CPU.ActiveCfg = Debug|Any CPU
		{0D4B869B-0F1D-4EDD-A7A1-A8C7E6C6441E}.Debug|Any CPU.Build.0 = Debug|Any CPU
		{0D4B869B-0F1D-4EDD-A7A1-A8C7E6C6441E}.Release|Any CPU.ActiveCfg = Release|Any CPU
		{0D4B869B-0F1D-4EDD-A7A1-A8C7E6C6441E}.Release|Any CPU.Build.0 = Release|Any CPU
		{FD16C4E7-B548-48F5-9F89-DEDDA4900079}.Debug|Any CPU.ActiveCfg = Debug|Any CPU
		{FD16C4E7-B548-48F5-9F89-DEDDA4900079}.Debug|Any CPU.Build.0 = Debug|Any CPU
		{FD16C4E7-B548-48F5-9F89-DEDDA4900079}.Release|Any CPU.ActiveCfg = Release|Any CPU
		{FD16C4E7-B548-48F5-9F89-DEDDA4900079}.Release|Any CPU.Build.0 = Release|Any CPU
		{909614BD-5B7F-49ED-B8C2-B36A1D5E6418}.Debug|Any CPU.ActiveCfg = Debug|Any CPU
		{909614BD-5B7F-49ED-B8C2-B36A1D5E6418}.Debug|Any CPU.Build.0 = Debug|Any CPU
		{909614BD-5B7F-49ED-B8C2-B36A1D5E6418}.Release|Any CPU.ActiveCfg = Release|Any CPU
		{909614BD-5B7F-49ED-B8C2-B36A1D5E6418}.Release|Any CPU.Build.0 = Release|Any CPU
		{04978F94-A298-4164-87CF-E71D6D20B647}.Debug|Any CPU.ActiveCfg = Debug|Any CPU
		{04978F94-A298-4164-87CF-E71D6D20B647}.Debug|Any CPU.Build.0 = Debug|Any CPU
		{04978F94-A298-4164-87CF-E71D6D20B647}.Release|Any CPU.ActiveCfg = Release|Any CPU
		{04978F94-A298-4164-87CF-E71D6D20B647}.Release|Any CPU.Build.0 = Release|Any CPU
		{3749A7E8-E90E-4C4E-BE46-A880E17D481A}.Debug|Any CPU.ActiveCfg = Debug|Any CPU
		{3749A7E8-E90E-4C4E-BE46-A880E17D481A}.Debug|Any CPU.Build.0 = Debug|Any CPU
		{3749A7E8-E90E-4C4E-BE46-A880E17D481A}.Release|Any CPU.ActiveCfg = Release|Any CPU
		{3749A7E8-E90E-4C4E-BE46-A880E17D481A}.Release|Any CPU.Build.0 = Release|Any CPU
		{C1D2ED1C-0B93-4681-85EE-DE2E3CC1B9E2}.Debug|Any CPU.ActiveCfg = Debug|Any CPU
		{C1D2ED1C-0B93-4681-85EE-DE2E3CC1B9E2}.Debug|Any CPU.Build.0 = Debug|Any CPU
		{C1D2ED1C-0B93-4681-85EE-DE2E3CC1B9E2}.Release|Any CPU.ActiveCfg = Release|Any CPU
		{C1D2ED1C-0B93-4681-85EE-DE2E3CC1B9E2}.Release|Any CPU.Build.0 = Release|Any CPU
	EndGlobalSection
	GlobalSection(SolutionProperties) = preSolution
		HideSolutionNode = FALSE
	EndGlobalSection
	GlobalSection(NestedProjects) = preSolution
		{E26BE911-131A-4987-B7F4-DD094D174423} = {8EC02289-8983-4A0A-BACB-0CBEE9F76F35}
		{CDCDB04F-2B69-47F7-8446-AFF44A63707C} = {8095DD1F-0E52-4D12-BAF4-4FFCDA886D89}
		{13F9ACF6-9F0B-464E-B4AF-826105F2BC90} = {8095DD1F-0E52-4D12-BAF4-4FFCDA886D89}
		{197AD3D8-C725-4048-AA1B-96418225148B} = {8095DD1F-0E52-4D12-BAF4-4FFCDA886D89}
		{751ABE26-AF27-4B5F-B9F0-24B367C089A1} = {8095DD1F-0E52-4D12-BAF4-4FFCDA886D89}
		{DE01799B-C696-4223-A1DF-D51D23381078} = {AC98FDE2-48CE-4941-BAFE-05A67B1FF316}
		{3FED6AFE-D49A-4F24-BDD0-43B499D1FA51} = {AC98FDE2-48CE-4941-BAFE-05A67B1FF316}
		{C2448BCD-89BD-41AD-A378-03F40BF86EF9} = {AC98FDE2-48CE-4941-BAFE-05A67B1FF316}
		{0D4B869B-0F1D-4EDD-A7A1-A8C7E6C6441E} = {AC98FDE2-48CE-4941-BAFE-05A67B1FF316}
		{909614BD-5B7F-49ED-B8C2-B36A1D5E6418} = {EF2379C3-CCF5-466E-8447-2236F6C3EBD2}
		{04978F94-A298-4164-87CF-E71D6D20B647} = {4A16BFD2-4315-43C5-A4EB-C46C429CA184}
		{3749A7E8-E90E-4C4E-BE46-A880E17D481A} = {4A16BFD2-4315-43C5-A4EB-C46C429CA184}
		{C1D2ED1C-0B93-4681-85EE-DE2E3CC1B9E2} = {4A16BFD2-4315-43C5-A4EB-C46C429CA184}
	EndGlobalSection
	GlobalSection(ExtensibilityGlobals) = postSolution
		SolutionGuid = {46466BDD-35AD-42A6-8873-626CE146DC2D}
	EndGlobalSection
EndGlobal
